
Microsoft Visual Studio Solution File, Format Version 12.00
# Visual Studio Version 17
VisualStudioVersion = 17.14.36717.8
MinimumVisualStudioVersion = 10.0.40219.1
Project("{FAE04EC0-301F-11D3-BF4B-00C04F79EFBC}") = "WebApplication1", "WebApplication1\WebApplication1.csproj", "{1154CBAE-3395-41C1-A4A1-121FDE5EE51F}"
EndProject
Project("{FAE04EC0-301F-11D3-BF4B-00C04F79EFBC}") = "JWT", "..\Common\JWT\JWT.csproj", "{BAB7FD7A-5408-1F8A-CD0C-2013838BDD0A}"
EndProject
Project("{FAE04EC0-301F-11D3-BF4B-00C04F79EFBC}") = "EventBus", "..\Common\EventBus\EventBus.csproj", "{4503FA4F-FA7C-37C1-AB29-C70BB9AC4E9C}"
EndProject
Project("{FAE04EC0-301F-11D3-BF4B-00C04F79EFBC}") = "AnyDBConfigProvider", "..\Common\AnyDBConfigProvider\AnyDBConfigProvider.csproj", "{946EE88C-9355-CCC9-C53B-A5AF7E3B26E0}"
EndProject
Project("{FAE04EC0-301F-11D3-BF4B-00C04F79EFBC}") = "Common.Infrastructure", "..\Common\Common.Infrastructure\Common.Infrastructure.csproj", "{F3D482CA-8B03-25BA-AA58-9DFF8A028F5C}"
EndProject
Project("{FAE04EC0-301F-11D3-BF4B-00C04F79EFBC}") = "CommonInitializer", "..\Common\CommonInitializer\CommonInitializer.csproj", "{9AD72476-CC94-6DFE-C17B-A1817596CE0B}"
EndProject
Project("{FAE04EC0-301F-11D3-BF4B-00C04F79EFBC}") = "DomainInfrastructure", "..\Common\DomainInfrastructure\DomainInfrastructure.csproj", "{FCA299D6-C647-92F0-48EF-1C45543FEE8A}"
EndProject
Project("{FAE04EC0-301F-11D3-BF4B-00C04F79EFBC}") = "DomainModle", "..\Common\DomainModle\DomainModle.csproj", "{0F6C61A5-1487-F0FE-FF1C-BA461F8ECA3A}"
EndProject
Project("{FAE04EC0-301F-11D3-BF4B-00C04F79EFBC}") = "Commons", "..\Common\Commons\Commons.csproj", "{5584B599-8EDB-3DF7-9157-B89CAAADDA44}"
EndProject
Global
	GlobalSection(SolutionConfigurationPlatforms) = preSolution
		Debug|Any CPU = Debug|Any CPU
		Release|Any CPU = Release|Any CPU
	EndGlobalSection
	GlobalSection(ProjectConfigurationPlatforms) = postSolution
		{1154CBAE-3395-41C1-A4A1-121FDE5EE51F}.Debug|Any CPU.ActiveCfg = Debug|Any CPU
		{1154CBAE-3395-41C1-A4A1-121FDE5EE51F}.Debug|Any CPU.Build.0 = Debug|Any CPU
		{1154CBAE-3395-41C1-A4A1-121FDE5EE51F}.Release|Any CPU.ActiveCfg = Release|Any CPU
		{1154CBAE-3395-41C1-A4A1-121FDE5EE51F}.Release|Any CPU.Build.0 = Release|Any CPU
		{BAB7FD7A-5408-1F8A-CD0C-2013838BDD0A}.Debug|Any CPU.ActiveCfg = Debug|Any CPU
		{BAB7FD7A-5408-1F8A-CD0C-2013838BDD0A}.Debug|Any CPU.Build.0 = Debug|Any CPU
		{BAB7FD7A-5408-1F8A-CD0C-2013838BDD0A}.Release|Any CPU.ActiveCfg = Release|Any CPU
		{BAB7FD7A-5408-1F8A-CD0C-2013838BDD0A}.Release|Any CPU.Build.0 = Release|Any CPU
		{4503FA4F-FA7C-37C1-AB29-C70BB9AC4E9C}.Debug|Any CPU.ActiveCfg = Debug|Any CPU
		{4503FA4F-FA7C-37C1-AB29-C70BB9AC4E9C}.Debug|Any CPU.Build.0 = Debug|Any CPU
		{4503FA4F-FA7C-37C1-AB29-C70BB9AC4E9C}.Release|Any CPU.ActiveCfg = Release|Any CPU
		{4503FA4F-FA7C-37C1-AB29-C70BB9AC4E9C}.Release|Any CPU.Build.0 = Release|Any CPU
		{946EE88C-9355-CCC9-C53B-A5AF7E3B26E0}.Debug|Any CPU.ActiveCfg = Debug|Any CPU
		{946EE88C-9355-CCC9-C53B-A5AF7E3B26E0}.Debug|Any CPU.Build.0 = Debug|Any CPU
		{946EE88C-9355-CCC9-C53B-A5AF7E3B26E0}.Release|Any CPU.ActiveCfg = Release|Any CPU
		{946EE88C-9355-CCC9-C53B-A5AF7E3B26E0}.Release|Any CPU.Build.0 = Release|Any CPU
		{F3D482CA-8B03-25BA-AA58-9DFF8A028F5C}.Debug|Any CPU.ActiveCfg = Debug|Any CPU
		{F3D482CA-8B03-25BA-AA58-9DFF8A028F5C}.Debug|Any CPU.Build.0 = Debug|Any CPU
		{F3D482CA-8B03-25BA-AA58-9DFF8A028F5C}.Release|Any CPU.ActiveCfg = Release|Any CPU
		{F3D482CA-8B03-25BA-AA58-9DFF8A028F5C}.Release|Any CPU.Build.0 = Release|Any CPU
		{9AD72476-CC94-6DFE-C17B-A1817596CE0B}.Debug|Any CPU.ActiveCfg = Debug|Any CPU
		{9AD72476-CC94-6DFE-C17B-A1817596CE0B}.Debug|Any CPU.Build.0 = Debug|Any CPU
		{9AD72476-CC94-6DFE-C17B-A1817596CE0B}.Release|Any CPU.ActiveCfg = Release|Any CPU
		{9AD72476-CC94-6DFE-C17B-A1817596CE0B}.Release|Any CPU.Build.0 = Release|Any CPU
		{FCA299D6-C647-92F0-48EF-1C45543FEE8A}.Debug|Any CPU.ActiveCfg = Debug|Any CPU
		{FCA299D6-C647-92F0-48EF-1C45543FEE8A}.Debug|Any CPU.Build.0 = Debug|Any CPU
		{FCA299D6-C647-92F0-48EF-1C45543FEE8A}.Release|Any CPU.ActiveCfg = Release|Any CPU
		{FCA299D6-C647-92F0-48EF-1C45543FEE8A}.Release|Any CPU.Build.0 = Release|Any CPU
		{0F6C61A5-1487-F0FE-FF1C-BA461F8ECA3A}.Debug|Any CPU.ActiveCfg = Debug|Any CPU
		{0F6C61A5-1487-F0FE-FF1C-BA461F8ECA3A}.Debug|Any CPU.Build.0 = Debug|Any CPU
		{0F6C61A5-1487-F0FE-FF1C-BA461F8ECA3A}.Release|Any CPU.ActiveCfg = Release|Any CPU
		{0F6C61A5-1487-F0FE-FF1C-BA461F8ECA3A}.Release|Any CPU.Build.0 = Release|Any CPU
		{5584B599-8EDB-3DF7-9157-B89CAAADDA44}.Debug|Any CPU.ActiveCfg = Debug|Any CPU
		{5584B599-8EDB-3DF7-9157-B89CAAADDA44}.Debug|Any CPU.Build.0 = Debug|Any CPU
		{5584B599-8EDB-3DF7-9157-B89CAAADDA44}.Release|Any CPU.ActiveCfg = Release|Any CPU
		{5584B599-8EDB-3DF7-9157-B89CAAADDA44}.Release|Any CPU.Build.0 = Release|Any CPU
	EndGlobalSection
	GlobalSection(SolutionProperties) = preSolution
		HideSolutionNode = FALSE
	EndGlobalSection
	GlobalSection(ExtensibilityGlobals) = postSolution
		SolutionGuid = {13DABEE5-0666-4C94-B4AF-E9613AF1D0D1}
	EndGlobalSection
EndGlobal
